
Microsoft Visual Studio Solution File, Format Version 11.00
# Visual Studio 2010
Project("{FAE04EC0-301F-11D3-BF4B-00C04F79EFBC}") = "SportsStore.Domain", "SportsStore.Domain\SportsStore.Domain.csproj", "{D1EDB233-A7D2-4DCF-8EAF-1071B64320E8}"
EndProject
Project("{FAE04EC0-301F-11D3-BF4B-00C04F79EFBC}") = "SportsStore.Web", "SportsStore.Web\SportsStore.Web.csproj", "{52EC9FC2-009F-48D0-97F6-6AD0B949B82D}"
EndProject
Project("{FAE04EC0-301F-11D3-BF4B-00C04F79EFBC}") = "TestProject", "TestProject\TestProject.csproj", "{31DFB285-7FBD-4926-8C65-9BF9D90D826E}"
EndProject
Project("{2150E333-8FDC-42A3-9474-1A3956D46DE8}") = "Solution Items", "Solution Items", "{AD9AB6BD-8388-470F-BBC3-66FFA5DCF41B}"
	ProjectSection(SolutionItems) = preProject
		Local.testsettings = Local.testsettings
		SportsStore.vsmdi = SportsStore.vsmdi
		TraceAndTestImpact.testsettings = TraceAndTestImpact.testsettings
	EndProjectSection
EndProject
Global
	GlobalSection(TestCaseManagementSettings) = postSolution
		CategoryFile = SportsStore.vsmdi
	EndGlobalSection
	GlobalSection(SolutionConfigurationPlatforms) = preSolution
		Debug|Any CPU = Debug|Any CPU
		Debug|Mixed Platforms = Debug|Mixed Platforms
		Debug|x86 = Debug|x86
		Release|Any CPU = Release|Any CPU
		Release|Mixed Platforms = Release|Mixed Platforms
		Release|x86 = Release|x86
	EndGlobalSection
	GlobalSection(ProjectConfigurationPlatforms) = postSolution
		{D1EDB233-A7D2-4DCF-8EAF-1071B64320E8}.Debug|Any CPU.ActiveCfg = Debug|Any CPU
		{D1EDB233-A7D2-4DCF-8EAF-1071B64320E8}.Debug|Any CPU.Build.0 = Debug|Any CPU
		{D1EDB233-A7D2-4DCF-8EAF-1071B64320E8}.Debug|Mixed Platforms.ActiveCfg = Debug|Any CPU
		{D1EDB233-A7D2-4DCF-8EAF-1071B64320E8}.Debug|Mixed Platforms.Build.0 = Debug|Any CPU
		{D1EDB233-A7D2-4DCF-8EAF-1071B64320E8}.Debug|x86.ActiveCfg = Debug|Any CPU
		{D1EDB233-A7D2-4DCF-8EAF-1071B64320E8}.Release|Any CPU.ActiveCfg = Release|Any CPU
		{D1EDB233-A7D2-4DCF-8EAF-1071B64320E8}.Release|Any CPU.Build.0 = Release|Any CPU
		{D1EDB233-A7D2-4DCF-8EAF-1071B64320E8}.Release|Mixed Platforms.ActiveCfg = Release|Any CPU
		{D1EDB233-A7D2-4DCF-8EAF-1071B64320E8}.Release|Mixed Platforms.Build.0 = Release|Any CPU
		{D1EDB233-A7D2-4DCF-8EAF-1071B64320E8}.Release|x86.ActiveCfg = Release|Any CPU
		{52EC9FC2-009F-48D0-97F6-6AD0B949B82D}.Debug|Any CPU.ActiveCfg = Debug|Any CPU
		{52EC9FC2-009F-48D0-97F6-6AD0B949B82D}.Debug|Any CPU.Build.0 = Debug|Any CPU
		{52EC9FC2-009F-48D0-97F6-6AD0B949B82D}.Debug|Mixed Platforms.ActiveCfg = Debug|Any CPU
		{52EC9FC2-009F-48D0-97F6-6AD0B949B82D}.Debug|Mixed Platforms.Build.0 = Debug|Any CPU
		{52EC9FC2-009F-48D0-97F6-6AD0B949B82D}.Debug|x86.ActiveCfg = Debug|Any CPU
		{52EC9FC2-009F-48D0-97F6-6AD0B949B82D}.Release|Any CPU.ActiveCfg = Release|Any CPU
		{52EC9FC2-009F-48D0-97F6-6AD0B949B82D}.Release|Any CPU.Build.0 = Release|Any CPU
		{52EC9FC2-009F-48D0-97F6-6AD0B949B82D}.Release|Mixed Platforms.ActiveCfg = Release|Any CPU
		{52EC9FC2-009F-48D0-97F6-6AD0B949B82D}.Release|Mixed Platforms.Build.0 = Release|Any CPU
		{52EC9FC2-009F-48D0-97F6-6AD0B949B82D}.Release|x86.ActiveCfg = Release|Any CPU
		{31DFB285-7FBD-4926-8C65-9BF9D90D826E}.Debug|Any CPU.ActiveCfg = Debug|Any CPU
		{31DFB285-7FBD-4926-8C65-9BF9D90D826E}.Debug|Any CPU.Build.0 = Debug|Any CPU
		{31DFB285-7FBD-4926-8C65-9BF9D90D826E}.Debug|Mixed Platforms.ActiveCfg = Debug|Any CPU
		{31DFB285-7FBD-4926-8C65-9BF9D90D826E}.Debug|Mixed Platforms.Build.0 = Debug|Any CPU
		{31DFB285-7FBD-4926-8C65-9BF9D90D826E}.Debug|x86.ActiveCfg = Debug|Any CPU
		{31DFB285-7FBD-4926-8C65-9BF9D90D826E}.Release|Any CPU.ActiveCfg = Release|Any CPU
		{31DFB285-7FBD-4926-8C65-9BF9D90D826E}.Release|Any CPU.Build.0 = Release|Any CPU
		{31DFB285-7FBD-4926-8C65-9BF9D90D826E}.Release|Mixed Platforms.ActiveCfg = Release|Any CPU
		{31DFB285-7FBD-4926-8C65-9BF9D90D826E}.Release|Mixed Platforms.Build.0 = Release|Any CPU
		{31DFB285-7FBD-4926-8C65-9BF9D90D826E}.Release|x86.ActiveCfg = Release|Any CPU
	EndGlobalSection
	GlobalSection(SolutionProperties) = preSolution
		HideSolutionNode = FALSE
	EndGlobalSection
EndGlobal
